
Microsoft Visual Studio Solution File, Format Version 12.00
# Visual Studio Version 17
VisualStudioVersion = 17.13.35825.156 d17.13
MinimumVisualStudioVersion = 10.0.40219.1
Project("{FAE04EC0-301F-11D3-BF4B-00C04F79EFBC}") = "Wordle", "Wordle\Wordle.csproj", "{F150F6D6-AAFA-4F2D-BE39-1AF15E56B1FD}"
EndProject
Global
	GlobalSection(SolutionConfigurationPlatforms) = preSolution
		Debug|Any CPU = Debug|Any CPU
		Release|Any CPU = Release|Any CPU
	EndGlobalSection
	GlobalSection(ProjectConfigurationPlatforms) = postSolution
		{F150F6D6-AAFA-4F2D-BE39-1AF15E56B1FD}.Debug|Any CPU.ActiveCfg = Debug|Any CPU
		{F150F6D6-AAFA-4F2D-BE39-1AF15E56B1FD}.Debug|Any CPU.Build.0 = Debug|Any CPU
		{F150F6D6-AAFA-4F2D-BE39-1AF15E56B1FD}.Release|Any CPU.ActiveCfg = Release|Any CPU
		{F150F6D6-AAFA-4F2D-BE39-1AF15E56B1FD}.Release|Any CPU.Build.0 = Release|Any CPU
	EndGlobalSection
	GlobalSection(SolutionProperties) = preSolution
		HideSolutionNode = FALSE
	EndGlobalSection
	GlobalSection(ExtensibilityGlobals) = postSolution
		SolutionGuid = {B2C72E57-9E47-42C3-AC3B-25165D624DCB}
	EndGlobalSection
EndGlobal
